
Microsoft Visual Studio Solution File, Format Version 12.00
# Visual Studio Version 17
VisualStudioVersion = 17.14.36109.1
MinimumVisualStudioVersion = 10.0.40219.1
Project("{FAE04EC0-301F-11D3-BF4B-00C04F79EFBC}") = "TP HNI Moyenne", "TP HNI Moyenne\TP HNI Moyenne.csproj", "{DC3F9A3A-2E9A-43C4-9CC5-38B38FD5157D}"
EndProject
Global
	GlobalSection(SolutionConfigurationPlatforms) = preSolution
		Debug|Any CPU = Debug|Any CPU
		Release|Any CPU = Release|Any CPU
	EndGlobalSection
	GlobalSection(ProjectConfigurationPlatforms) = postSolution
		{DC3F9A3A-2E9A-43C4-9CC5-38B38FD5157D}.Debug|Any CPU.ActiveCfg = Debug|Any CPU
		{DC3F9A3A-2E9A-43C4-9CC5-38B38FD5157D}.Debug|Any CPU.Build.0 = Debug|Any CPU
		{DC3F9A3A-2E9A-43C4-9CC5-38B38FD5157D}.Release|Any CPU.ActiveCfg = Release|Any CPU
		{DC3F9A3A-2E9A-43C4-9CC5-38B38FD5157D}.Release|Any CPU.Build.0 = Release|Any CPU
	EndGlobalSection
	GlobalSection(SolutionProperties) = preSolution
		HideSolutionNode = FALSE
	EndGlobalSection
	GlobalSection(ExtensibilityGlobals) = postSolution
		SolutionGuid = {8C4BF5CF-4577-48D0-BF13-8D5997C82F45}
	EndGlobalSection
EndGlobal
